<?xml version="1.0" encoding="utf-8"?>
<Project ToolsVersion="4.0" xmlns="http://schemas.microsoft.com/developer/msbuild/2003">
  <ItemGroup>
    <Filter Include="Source Files">
      <UniqueIdentifier>{4FC737F1-C7A5-4376-A066-2A32D752A2FF}</UniqueIdentifier>
      <Extensions>cpp;c;cc;cxx;c++;cppm;ixx;def;odl;idl;hpj;bat;asm;asmx</Extensions>
    </Filter>
    <Filter Include="Resource Files">
      <UniqueIdentifier>{67DA6AB6-F800-4c08-8B7A-83BB121AAD01}</UniqueIdentifier>
      <Extensions>rc;ico;cur;bmp;dlg;rc2;rct;bin;rgs;gif;jpg;jpeg;jpe;resx;tiff;tif;png;wav;mfcribbon-ms</Extensions>
    </Filter>
    <Filter Include="Animation">
      <UniqueIdentifier>{dec98467-5084-4ce7-8d6b-867a5e63c99a}</UniqueIdentifier>
    </Filter>
    <Filter Include="Animation\Sprites">
      <UniqueIdentifier>{720bedcf-c273-4851-8c99-0b87d31527d6}</UniqueIdentifier>
    </Filter>
    <Filter Include="Animation\Textures">
      <UniqueIdentifier>{779024a8-4c7c-49a6-b2b4-dd59b57a7e04}</UniqueIdentifier>
    </Filter>
    <Filter Include="ConstantInGame">
      <UniqueIdentifier>{15521f9b-45f1-4ddc-8165-85a6d6362a69}</UniqueIdentifier>
    </Filter>
    <Filter Include="GameObject">
      <UniqueIdentifier>{7d6efe83-d4a5-444f-b98f-50fd4ba2c58b}</UniqueIdentifier>
    </Filter>
    <Filter Include="GameObject\Mario">
      <UniqueIdentifier>{bb938916-3a0a-418b-89bf-56ca1edd6a21}</UniqueIdentifier>
    </Filter>
    <Filter Include="GameObject\Enemies">
      <UniqueIdentifier>{2a7fa636-8bfe-4799-ac02-836fa62e9977}</UniqueIdentifier>
    </Filter>
    <Filter Include="GameObject\OtherObjects">
      <UniqueIdentifier>{9687d373-0b34-4dab-9690-00877e2e5fc3}</UniqueIdentifier>
    </Filter>
    <Filter Include="SceneManager">
      <UniqueIdentifier>{b79790fa-c366-4488-8c7b-2b1a974c07c5}</UniqueIdentifier>
    </Filter>
    <Filter Include="Collision">
      <UniqueIdentifier>{b365fceb-e2ee-4cd9-b126-a6de353855f4}</UniqueIdentifier>
    </Filter>
    <Filter Include="debug">
      <UniqueIdentifier>{b7e524c4-088c-41dc-a982-52dff591f6b1}</UniqueIdentifier>
    </Filter>
    <Filter Include="ReadXML">
      <UniqueIdentifier>{76a47865-cf02-4a1e-bc2e-a01f4a10f809}</UniqueIdentifier>
    </Filter>
    <Filter Include="KeyHandler">
      <UniqueIdentifier>{07499ab1-80e2-4d81-96e3-b4bd541b67e9}</UniqueIdentifier>
    </Filter>
    <Filter Include="Game">
      <UniqueIdentifier>{aa3f03ff-3566-47a0-94d1-daa0c677bab1}</UniqueIdentifier>
    </Filter>
    <Filter Include="TileMap">
      <UniqueIdentifier>{edb76553-0a95-40da-886d-b0a7f18ab75d}</UniqueIdentifier>
    </Filter>
    <Filter Include="GameObject\Object world map">
      <UniqueIdentifier>{f6978c81-4f91-418d-927a-ae8f4f11b5ad}</UniqueIdentifier>
    </Filter>
    <Filter Include="GameObject\Object start">
      <UniqueIdentifier>{08c86a3c-f5ad-42da-96d0-d7550e8546ba}</UniqueIdentifier>
    </Filter>
  </ItemGroup>
  <ItemGroup>
    <None Include="packages.config" />
  </ItemGroup>
  <ItemGroup>
    <ClInclude Include="Animation.h">
      <Filter>Animation</Filter>
    </ClInclude>
    <ClInclude Include="AnimationFrame.h">
      <Filter>Animation</Filter>
    </ClInclude>
    <ClInclude Include="Animations.h">
      <Filter>Animation</Filter>
    </ClInclude>
    <ClInclude Include="Sprite.h">
      <Filter>Animation\Sprites</Filter>
    </ClInclude>
    <ClInclude Include="Sprites.h">
      <Filter>Animation\Sprites</Filter>
    </ClInclude>
    <ClInclude Include="Textures.h">
      <Filter>Animation\Textures</Filter>
    </ClInclude>
    <ClInclude Include="Texture.h">
      <Filter>Animation\Textures</Filter>
    </ClInclude>
    <ClInclude Include="AssetIDs.h">
      <Filter>ConstantInGame</Filter>
    </ClInclude>
    <ClInclude Include="Mario.h">
      <Filter>GameObject\Mario</Filter>
    </ClInclude>
    <ClInclude Include="Goomba.h">
      <Filter>GameObject\Enemies</Filter>
    </ClInclude>
    <ClInclude Include="Brick.h">
      <Filter>GameObject\OtherObjects</Filter>
    </ClInclude>
    <ClInclude Include="Coin.h">
      <Filter>GameObject\OtherObjects</Filter>
    </ClInclude>
    <ClInclude Include="Platform.h">
      <Filter>GameObject\OtherObjects</Filter>
    </ClInclude>
    <ClInclude Include="Portal.h">
      <Filter>GameObject\OtherObjects</Filter>
    </ClInclude>
    <ClInclude Include="Scene.h">
      <Filter>SceneManager</Filter>
    </ClInclude>
    <ClInclude Include="PlayScene.h">
      <Filter>SceneManager</Filter>
    </ClInclude>
    <ClInclude Include="Collision.h">
      <Filter>Collision</Filter>
    </ClInclude>
    <ClInclude Include="debug.h">
      <Filter>debug</Filter>
    </ClInclude>
    <ClInclude Include="tinystr.h">
      <Filter>ReadXML</Filter>
    </ClInclude>
    <ClInclude Include="tinyxml.h">
      <Filter>ReadXML</Filter>
    </ClInclude>
    <ClInclude Include="Utils.h">
      <Filter>debug</Filter>
    </ClInclude>
    <ClInclude Include="KeyEventHandler.h">
      <Filter>KeyHandler</Filter>
    </ClInclude>
    <ClInclude Include="SampleKeyEventHandler.h">
      <Filter>KeyHandler</Filter>
    </ClInclude>
    <ClInclude Include="Game.h">
      <Filter>Game</Filter>
    </ClInclude>
    <ClInclude Include="PlatformNotBlock.h">
      <Filter>GameObject\OtherObjects</Filter>
    </ClInclude>
    <ClInclude Include="CQuestionBrick.h">
      <Filter>GameObject\OtherObjects</Filter>
    </ClInclude>
    <ClInclude Include="CCannibalFlower.h">
      <Filter>GameObject\Enemies</Filter>
    </ClInclude>
    <ClInclude Include="CBullet.h">
      <Filter>GameObject\OtherObjects</Filter>
    </ClInclude>
    <ClInclude Include="CTurtle.h">
      <Filter>GameObject\Enemies</Filter>
    </ClInclude>
    <ClInclude Include="ChangeCam.h">
      <Filter>GameObject\OtherObjects</Filter>
    </ClInclude>
    <ClInclude Include="CTail.h">
      <Filter>GameObject\OtherObjects</Filter>
    </ClInclude>
    <ClInclude Include="CPrice.h">
      <Filter>GameObject\OtherObjects</Filter>
    </ClInclude>
    <ClInclude Include="CTube.h">
      <Filter>GameObject\OtherObjects</Filter>
    </ClInclude>
    <ClInclude Include="CMushroom.h">
      <Filter>GameObject\OtherObjects</Filter>
    </ClInclude>
    <ClInclude Include="CWoodBrick.h">
      <Filter>GameObject\OtherObjects</Filter>
    </ClInclude>
    <ClInclude Include="CBreakableBrick.h">
      <Filter>GameObject\OtherObjects</Filter>
    </ClInclude>
    <ClInclude Include="CWingRedGoomba.h">
      <Filter>GameObject\Enemies</Filter>
    </ClInclude>
    <ClInclude Include="CGreenTurtle.h">
      <Filter>GameObject\Enemies</Filter>
    </ClInclude>
    <ClInclude Include="CPeiceOfBreakableBrick.h">
      <Filter>GameObject\OtherObjects</Filter>
    </ClInclude>
    <ClInclude Include="CRedGoomba.h">
      <Filter>GameObject\Enemies</Filter>
    </ClInclude>
    <ClInclude Include="CWingGreenTurtle.h">
      <Filter>GameObject\Enemies</Filter>
    </ClInclude>
    <ClInclude Include="CWingOfGoomba.h">
      <Filter>GameObject\Enemies</Filter>
    </ClInclude>
    <ClInclude Include="CEffectHitWithTail.h">
      <Filter>GameObject\OtherObjects</Filter>
    </ClInclude>
    <ClInclude Include="CPlatformSprite.h">
      <Filter>GameObject\OtherObjects</Filter>
    </ClInclude>
    <ClInclude Include="CTileMap.h">
      <Filter>TileMap</Filter>
    </ClInclude>
    <ClInclude Include="GameObject.h">
      <Filter>GameObject</Filter>
    </ClInclude>
    <ClInclude Include="IntroKeyEventHandler.h">
      <Filter>KeyHandler</Filter>
    </ClInclude>
    <ClInclude Include="StartSceneKeyHandler.h">
      <Filter>KeyHandler</Filter>
    </ClInclude>
    <ClInclude Include="CBLockEnemies.h">
      <Filter>GameObject\OtherObjects</Filter>
    </ClInclude>
    <ClInclude Include="CBreakableBrickButton.h">
      <Filter>GameObject\OtherObjects</Filter>
    </ClInclude>
    <ClInclude Include="CGoalCard.h">
      <Filter>GameObject\OtherObjects</Filter>
    </ClInclude>
    <ClInclude Include="CGreenMario.h">
      <Filter>GameObject\Mario</Filter>
    </ClInclude>
    <ClInclude Include="CGreenMushroom.h">
      <Filter>GameObject\OtherObjects</Filter>
    </ClInclude>
    <ClInclude Include="CHUB.h">
      <Filter>GameObject\Mario</Filter>
    </ClInclude>
    <ClInclude Include="CLeaf.h">
      <Filter>GameObject\OtherObjects</Filter>
    </ClInclude>
    <ClInclude Include="CNodeMapG.h">
      <Filter>GameObject\Object world map</Filter>
    </ClInclude>
    <ClInclude Include="CTelePort.h">
      <Filter>GameObject\OtherObjects</Filter>
    </ClInclude>
    <ClInclude Include="CTitleMarioBros.h">
      <Filter>GameObject\Object start</Filter>
    </ClInclude>
    <ClInclude Include="CCurtain.h">
      <Filter>GameObject\Object start</Filter>
    </ClInclude>
    <ClInclude Include="CTurtleWorldMap.h">
      <Filter>GameObject\Object world map</Filter>
    </ClInclude>
    <ClInclude Include="CVenusflytrapFlower.h">
      <Filter>GameObject\Enemies</Filter>
    </ClInclude>
    <ClInclude Include="CWorldMap.h">
      <Filter>GameObject\Object world map</Filter>
    </ClInclude>
    <ClInclude Include="MarioWorldMaps.h">
      <Filter>GameObject\Object world map</Filter>
    </ClInclude>
    <ClInclude Include="CircleShuriken.h" />
  </ItemGroup>
  <ItemGroup>
    <ClCompile Include="main.cpp">
      <Filter>Source Files</Filter>
    </ClCompile>
    <ClCompile Include="Animation.cpp">
      <Filter>Animation</Filter>
    </ClCompile>
    <ClCompile Include="Animations.cpp">
      <Filter>Animation</Filter>
    </ClCompile>
    <ClCompile Include="Sprite.cpp">
      <Filter>Animation\Sprites</Filter>
    </ClCompile>
    <ClCompile Include="Sprites.cpp">
      <Filter>Animation\Sprites</Filter>
    </ClCompile>
    <ClCompile Include="Textures.cpp">
      <Filter>Animation\Textures</Filter>
    </ClCompile>
    <ClCompile Include="GameObject.cpp">
      <Filter>GameObject</Filter>
    </ClCompile>
    <ClCompile Include="Mario.cpp">
      <Filter>GameObject\Mario</Filter>
    </ClCompile>
    <ClCompile Include="Goomba.cpp">
      <Filter>GameObject\Enemies</Filter>
    </ClCompile>
    <ClCompile Include="Brick.cpp">
      <Filter>GameObject\OtherObjects</Filter>
    </ClCompile>
    <ClCompile Include="Coin.cpp">
      <Filter>GameObject\OtherObjects</Filter>
    </ClCompile>
    <ClCompile Include="Platform.cpp">
      <Filter>GameObject\OtherObjects</Filter>
    </ClCompile>
    <ClCompile Include="Portal.cpp">
      <Filter>GameObject\OtherObjects</Filter>
    </ClCompile>
    <ClCompile Include="PlayScene.cpp">
      <Filter>SceneManager</Filter>
    </ClCompile>
    <ClCompile Include="Collision.cpp">
      <Filter>Collision</Filter>
    </ClCompile>
    <ClCompile Include="debug.cpp">
      <Filter>debug</Filter>
    </ClCompile>
    <ClCompile Include="tinystr.cpp">
      <Filter>ReadXML</Filter>
    </ClCompile>
    <ClCompile Include="tinyxml.cpp">
      <Filter>ReadXML</Filter>
    </ClCompile>
    <ClCompile Include="tinyxmlerror.cpp">
      <Filter>ReadXML</Filter>
    </ClCompile>
    <ClCompile Include="tinyxmlparser.cpp">
      <Filter>ReadXML</Filter>
    </ClCompile>
    <ClCompile Include="Utils.cpp">
      <Filter>debug</Filter>
    </ClCompile>
    <ClCompile Include="SampleKeyEventHandler.cpp">
      <Filter>KeyHandler</Filter>
    </ClCompile>
    <ClCompile Include="Game.cpp">
      <Filter>Game</Filter>
    </ClCompile>
    <ClCompile Include="PlatformNotBlock.cpp">
      <Filter>GameObject\OtherObjects</Filter>
    </ClCompile>
    <ClCompile Include="CQuestionBrick.cpp">
      <Filter>GameObject\OtherObjects</Filter>
    </ClCompile>
    <ClCompile Include="CCannibalFlower.cpp">
      <Filter>GameObject\Enemies</Filter>
    </ClCompile>
    <ClCompile Include="CBullet.cpp">
      <Filter>GameObject\OtherObjects</Filter>
    </ClCompile>
    <ClCompile Include="CTurtle.cpp">
      <Filter>GameObject\Enemies</Filter>
    </ClCompile>
    <ClCompile Include="ChangeCam.cpp">
      <Filter>GameObject\OtherObjects</Filter>
    </ClCompile>
    <ClCompile Include="CBreakableBrick.cpp">
      <Filter>GameObject\OtherObjects</Filter>
    </ClCompile>
    <ClCompile Include="CEffectHitWithTail.cpp">
      <Filter>GameObject\OtherObjects</Filter>
    </ClCompile>
    <ClCompile Include="CMushroom.cpp">
      <Filter>GameObject\OtherObjects</Filter>
    </ClCompile>
    <ClCompile Include="CPrice.cpp">
      <Filter>GameObject\OtherObjects</Filter>
    </ClCompile>
    <ClCompile Include="CWoodBrick.cpp">
      <Filter>GameObject\OtherObjects</Filter>
    </ClCompile>
    <ClCompile Include="CPlatformSprite.cpp">
      <Filter>GameObject\OtherObjects</Filter>
    </ClCompile>
    <ClCompile Include="CPeiceOfBreakableBrick.cpp">
      <Filter>GameObject\OtherObjects</Filter>
    </ClCompile>
    <ClCompile Include="CTail.cpp">
      <Filter>GameObject\OtherObjects</Filter>
    </ClCompile>
    <ClCompile Include="CTube.cpp">
      <Filter>GameObject\OtherObjects</Filter>
    </ClCompile>
    <ClCompile Include="CGreenTurtle.cpp">
      <Filter>GameObject\Enemies</Filter>
    </ClCompile>
    <ClCompile Include="CRedGoomba.cpp">
      <Filter>GameObject\Enemies</Filter>
    </ClCompile>
    <ClCompile Include="CWingGreenTurtle.cpp">
      <Filter>GameObject\Enemies</Filter>
    </ClCompile>
    <ClCompile Include="CWingOfGoomba.cpp">
      <Filter>GameObject\Enemies</Filter>
    </ClCompile>
    <ClCompile Include="CWingRedGoomba.cpp">
      <Filter>GameObject\Enemies</Filter>
    </ClCompile>
    <ClCompile Include="CTileMap.cpp">
      <Filter>TileMap</Filter>
    </ClCompile>
    <ClCompile Include="IntroKeyEventHandler.cpp">
      <Filter>KeyHandler</Filter>
    </ClCompile>
    <ClCompile Include="StartSceneKeyHandler.cpp">
      <Filter>KeyHandler</Filter>
    </ClCompile>
    <ClCompile Include="CBreakableBrickButton.cpp">
      <Filter>GameObject\OtherObjects</Filter>
    </ClCompile>
    <ClCompile Include="CGoalCard.cpp">
      <Filter>GameObject\OtherObjects</Filter>
    </ClCompile>
    <ClCompile Include="CGreenMario.cpp">
      <Filter>GameObject\Mario</Filter>
    </ClCompile>
    <ClCompile Include="CGreenMushroom.cpp">
      <Filter>GameObject\OtherObjects</Filter>
    </ClCompile>
    <ClCompile Include="CHUB.cpp">
      <Filter>GameObject\Mario</Filter>
    </ClCompile>
    <ClCompile Include="CLeaf.cpp">
      <Filter>GameObject\OtherObjects</Filter>
    </ClCompile>
    <ClCompile Include="CNodeMapG.cpp">
      <Filter>GameObject\Object world map</Filter>
    </ClCompile>
    <ClCompile Include="CTelePort.cpp">
      <Filter>GameObject\OtherObjects</Filter>
    </ClCompile>
    <ClCompile Include="CTitleMarioBros.cpp">
      <Filter>GameObject\Object start</Filter>
    </ClCompile>
    <ClCompile Include="CCurtain.cpp">
      <Filter>GameObject\Object start</Filter>
    </ClCompile>
    <ClCompile Include="CTurtleWorldMap.cpp">
      <Filter>GameObject\Object world map</Filter>
    </ClCompile>
    <ClCompile Include="CVenusflytrapFlower.cpp">
      <Filter>GameObject\Enemies</Filter>
    </ClCompile>
    <ClCompile Include="CWorldMap.cpp">
      <Filter>GameObject\Object world map</Filter>
    </ClCompile>
    <ClCompile Include="MarioWorldMaps.cpp">
      <Filter>GameObject\Object world map</Filter>
    </ClCompile>
    <ClCompile Include="CircleShuriken.cpp">
      <Filter>Source Files</Filter>
    </ClCompile>
  </ItemGroup>
  <ItemGroup>
    <Xml Include="Scence.xml">
      <Filter>Resource Files</Filter>
    </Xml>
    <Xml Include="Scene01.xml">
      <Filter>Resource Files</Filter>
    </Xml>
    <Xml Include="Mario.xml">
      <Filter>Resource Files</Filter>
    </Xml>
    <Xml Include="Brick.xml">
      <Filter>Resource Files</Filter>
    </Xml>
    <Xml Include="QuestionBrick.xml">
      <Filter>Resource Files</Filter>
    </Xml>
    <Xml Include="Coin.xml">
      <Filter>Resource Files</Filter>
    </Xml>
    <Xml Include="CannibalFlower.xml">
      <Filter>Resource Files</Filter>
    </Xml>
    <Xml Include="Bullet.xml">
      <Filter>Resource Files</Filter>
    </Xml>
    <Xml Include="RedTurtle.xml">
      <Filter>Resource Files</Filter>
    </Xml>
    <Xml Include="GreenTurtle.xml">
      <Filter>Resource Files</Filter>
    </Xml>
    <Xml Include="WingGreenTurtle.xml">
      <Filter>Resource Files</Filter>
    </Xml>
    <Xml Include="CloudBrick.xml">
      <Filter>Resource Files</Filter>
    </Xml>
    <Xml Include="Brick2.xml">
      <Filter>Resource Files</Filter>
    </Xml>
    <Xml Include="BreakableBrick.xml">
      <Filter>Resource Files</Filter>
    </Xml>
    <Xml Include="GreenTube.xml">
      <Filter>Resource Files</Filter>
    </Xml>
    <Xml Include="Mushroom.xml">
      <Filter>Resource Files</Filter>
    </Xml>
    <Xml Include="Goomba.xml">
      <Filter>Resource Files</Filter>
    </Xml>
    <Xml Include="RedGoomba.xml">
      <Filter>Resource Files</Filter>
    </Xml>
    <Xml Include="WingOfRedGoomba.xml">
      <Filter>Resource Files</Filter>
    </Xml>
    <Xml Include="Tail.xml">
      <Filter>Resource Files</Filter>
    </Xml>
    <Xml Include="CPrice.xml">
      <Filter>Resource Files</Filter>
    </Xml>
    <Xml Include="Leaf.xml">
      <Filter>Resource Files</Filter>
    </Xml>
    <Xml Include="VenusflytrapFlower.xml">
      <Filter>Resource Files</Filter>
    </Xml>
    <Xml Include="TileMap1-1.xml">
      <Filter>Resource Files</Filter>
    </Xml>
    <Xml Include="intro1.xml">
      <Filter>Resource Files</Filter>
    </Xml>
    <Xml Include="NodeMap.xml">
      <Filter>Resource Files</Filter>
    </Xml>
    <Xml Include="HUB.xml">
      <Filter>Resource Files</Filter>
    </Xml>
    <Xml Include="CGoalCard.xml">
      <Filter>Resource Files</Filter>
    </Xml>
    <Xml Include="CTurtleW.xml">
      <Filter>Resource Files</Filter>
    </Xml>
    <Xml Include="StartScene.xml">
      <Filter>Resource Files</Filter>
    </Xml>
    <Xml Include="AniStartScene.xml">
      <Filter>Resource Files</Filter>
    </Xml>
    <Xml Include="GreenMario.xml">
      <Filter>Resource Files</Filter>
    </Xml>
    <Xml Include="CircleShuriken.xml">
      <Filter>Resource Files</Filter>
    </Xml>
  </ItemGroup>
  <ItemGroup>
    <ResourceCompile Include="GameMario.rc">
      <Filter>Resource Files</Filter>
    </ResourceCompile>
  </ItemGroup>
</Project>